
Microsoft Visual Studio Solution File, Format Version 12.00
# Visual Studio 2013
VisualStudioVersion = 12.0.21005.1
MinimumVisualStudioVersion = 10.0.40219.1
Project("{FAE04EC0-301F-11D3-BF4B-00C04F79EFBC}") = "Problem2.StudentsAndWorkers", "Problem2.StudentsAndWorkers\Problem2.StudentsAndWorkers.csproj", "{21804C83-BAAF-443A-A4F2-4C819408B4F5}"
EndProject
Project("{FAE04EC0-301F-11D3-BF4B-00C04F79EFBC}") = "Problem3.AnimalHierarchy", "Problem3.AnimalHierarchy\Problem3.AnimalHierarchy.csproj", "{C89F2746-FA30-4F9C-9919-86A0848E68B3}"
EndProject
Project("{FAE04EC0-301F-11D3-BF4B-00C04F79EFBC}") = "Problem1.SchoolClasses", "Problem1.SchoolClasses\Problem1.SchoolClasses.csproj", "{0D17A97C-1AA6-4522-B00B-BEFE4FA06E60}"
EndProject
Global
	GlobalSection(SolutionConfigurationPlatforms) = preSolution
		Debug|Any CPU = Debug|Any CPU
		Release|Any CPU = Release|Any CPU
	EndGlobalSection
	GlobalSection(ProjectConfigurationPlatforms) = postSolution
		{21804C83-BAAF-443A-A4F2-4C819408B4F5}.Debug|Any CPU.ActiveCfg = Debug|Any CPU
		{21804C83-BAAF-443A-A4F2-4C819408B4F5}.Debug|Any CPU.Build.0 = Debug|Any CPU
		{21804C83-BAAF-443A-A4F2-4C819408B4F5}.Release|Any CPU.ActiveCfg = Release|Any CPU
		{21804C83-BAAF-443A-A4F2-4C819408B4F5}.Release|Any CPU.Build.0 = Release|Any CPU
		{C89F2746-FA30-4F9C-9919-86A0848E68B3}.Debug|Any CPU.ActiveCfg = Debug|Any CPU
		{C89F2746-FA30-4F9C-9919-86A0848E68B3}.Debug|Any CPU.Build.0 = Debug|Any CPU
		{C89F2746-FA30-4F9C-9919-86A0848E68B3}.Release|Any CPU.ActiveCfg = Release|Any CPU
		{C89F2746-FA30-4F9C-9919-86A0848E68B3}.Release|Any CPU.Build.0 = Release|Any CPU
		{0D17A97C-1AA6-4522-B00B-BEFE4FA06E60}.Debug|Any CPU.ActiveCfg = Debug|Any CPU
		{0D17A97C-1AA6-4522-B00B-BEFE4FA06E60}.Debug|Any CPU.Build.0 = Debug|Any CPU
		{0D17A97C-1AA6-4522-B00B-BEFE4FA06E60}.Release|Any CPU.ActiveCfg = Release|Any CPU
		{0D17A97C-1AA6-4522-B00B-BEFE4FA06E60}.Release|Any CPU.Build.0 = Release|Any CPU
	EndGlobalSection
	GlobalSection(SolutionProperties) = preSolution
		HideSolutionNode = FALSE
	EndGlobalSection
EndGlobal
